
Microsoft Visual Studio Solution File, Format Version 12.00
# Visual Studio 14
VisualStudioVersion = 14.0.25420.1
MinimumVisualStudioVersion = 10.0.40219.1
Project("{FAE04EC0-301F-11D3-BF4B-00C04F79EFBC}") = "Arup CRM User Management", "Arup CRM User Management\Arup CRM User Management.csproj", "{89C0A8D4-D301-4789-BE22-0CFD7BDEAFA0}"
EndProject
Global
	GlobalSection(SolutionConfigurationPlatforms) = preSolution
		Debug|Any CPU = Debug|Any CPU
		Release|Any CPU = Release|Any CPU
	EndGlobalSection
	GlobalSection(ProjectConfigurationPlatforms) = postSolution
		{89C0A8D4-D301-4789-BE22-0CFD7BDEAFA0}.Debug|Any CPU.ActiveCfg = Debug|Any CPU
		{89C0A8D4-D301-4789-BE22-0CFD7BDEAFA0}.Debug|Any CPU.Build.0 = Debug|Any CPU
		{89C0A8D4-D301-4789-BE22-0CFD7BDEAFA0}.Release|Any CPU.ActiveCfg = Release|Any CPU
		{89C0A8D4-D301-4789-BE22-0CFD7BDEAFA0}.Release|Any CPU.Build.0 = Release|Any CPU
	EndGlobalSection
	GlobalSection(SolutionProperties) = preSolution
		HideSolutionNode = FALSE
	EndGlobalSection
	GlobalSection(TeamFoundationVersionControl) = preSolution
		SccNumberOfProjects = 2
		SccEnterpriseProvider = {4CA58AB2-18FA-4F8D-95D4-32DDF27D184C}
		SccTeamFoundationServer = https://ovearup.visualstudio.com/
		SccLocalPath0 = .
		SccProjectUniqueName1 = Arup\u0020CRM\u0020User\u0020Management\\Arup\u0020CRM\u0020User\u0020Management.csproj
		SccProjectName1 = Arup\u0020CRM\u0020User\u0020Management
		SccLocalPath1 = Arup\u0020CRM\u0020User\u0020Management
	EndGlobalSection
EndGlobal
