
Microsoft Visual Studio Solution File, Format Version 12.00
# Visual Studio Version 16
VisualStudioVersion = 16.0.29911.84
MinimumVisualStudioVersion = 10.0.40219.1
Project("{FAE04EC0-301F-11D3-BF4B-00C04F79EFBC}") = "ArupMultiSelect", "ArupMultiSelect\ArupMultiSelect.csproj", "{66C7A82C-7DDB-4DE2-B82A-628B6D33E24C}"
EndProject
Project("{FAE04EC0-301F-11D3-BF4B-00C04F79EFBC}") = "Opportunity", "Opportunity\Opportunity.csproj", "{5AC194B4-5F3F-4F7D-976D-0F75D2441481}"
EndProject
Project("{FAE04EC0-301F-11D3-BF4B-00C04F79EFBC}") = "Organization", "Organization\Organization.csproj", "{0FB82EFC-4C79-4DB6-AD37-39FEBBB23436}"
EndProject
Project("{FAE04EC0-301F-11D3-BF4B-00C04F79EFBC}") = "SystemUser", "SystemUser\SystemUser.csproj", "{42FBB4FB-2D49-4703-BE14-C2964108AE40}"
EndProject
Project("{FAE04EC0-301F-11D3-BF4B-00C04F79EFBC}") = "Framework", "Framework\Framework.csproj", "{6D4E8A9A-83F3-4E5E-B972-23E027AB0A4A}"
EndProject
Project("{FAE04EC0-301F-11D3-BF4B-00C04F79EFBC}") = "Lead", "Lead\Lead.csproj", "{238AE07F-DECE-49A3-A1AA-AB6FFF5DB51C}"
EndProject
Project("{FAE04EC0-301F-11D3-BF4B-00C04F79EFBC}") = "CRMAPIConfiguration", "CRMAPIConfiguration\CRMAPIConfiguration.csproj", "{A676712C-BE66-456C-8605-425258A12350}"
EndProject
Project("{FAE04EC0-301F-11D3-BF4B-00C04F79EFBC}") = "CloseOpportunityReasons", "CloseOpportunityReasons\CloseOpportunityReasons.csproj", "{17F01ACE-D6A8-4714-8D55-7C4FF1C4A611}"
EndProject
Project("{FAE04EC0-301F-11D3-BF4B-00C04F79EFBC}") = "OpportunityNew", "OpportunityNew\OpportunityNew.csproj", "{6887126C-9AA2-4C12-8DC4-7E1AE95502B1}"
EndProject
Project("{FAE04EC0-301F-11D3-BF4B-00C04F79EFBC}") = "LeadNew", "LeadNew\LeadNew.csproj", "{DA8B90B6-B276-4E50-982D-B13AF136BE27}"
EndProject
Project("{9A19103F-16F7-4668-BE54-9A1E7A4F7556}") = "ProjectCollaborator", "ProjectCollaborator\ProjectCollaborator.csproj", "{7AF01F1A-C0A3-4047-814E-904BBF9E54AD}"
EndProject
Project("{FAE04EC0-301F-11D3-BF4B-00C04F79EFBC}") = "ProjectCollaboratorMultiSelect", "ProjectCollaboratorMultiSelect\ProjectCollaboratorMultiSelect.csproj", "{87582195-5DA2-4DD3-8D22-F048E95A18EA}"
EndProject
Global
	GlobalSection(SolutionConfigurationPlatforms) = preSolution
		Debug|Any CPU = Debug|Any CPU
		Release|Any CPU = Release|Any CPU
	EndGlobalSection
	GlobalSection(ProjectConfigurationPlatforms) = postSolution
		{66C7A82C-7DDB-4DE2-B82A-628B6D33E24C}.Debug|Any CPU.ActiveCfg = Debug|Any CPU
		{66C7A82C-7DDB-4DE2-B82A-628B6D33E24C}.Debug|Any CPU.Build.0 = Debug|Any CPU
		{66C7A82C-7DDB-4DE2-B82A-628B6D33E24C}.Release|Any CPU.ActiveCfg = Release|Any CPU
		{66C7A82C-7DDB-4DE2-B82A-628B6D33E24C}.Release|Any CPU.Build.0 = Release|Any CPU
		{5AC194B4-5F3F-4F7D-976D-0F75D2441481}.Debug|Any CPU.ActiveCfg = Debug|Any CPU
		{5AC194B4-5F3F-4F7D-976D-0F75D2441481}.Debug|Any CPU.Build.0 = Debug|Any CPU
		{5AC194B4-5F3F-4F7D-976D-0F75D2441481}.Release|Any CPU.ActiveCfg = Release|Any CPU
		{5AC194B4-5F3F-4F7D-976D-0F75D2441481}.Release|Any CPU.Build.0 = Release|Any CPU
		{0FB82EFC-4C79-4DB6-AD37-39FEBBB23436}.Debug|Any CPU.ActiveCfg = Debug|Any CPU
		{0FB82EFC-4C79-4DB6-AD37-39FEBBB23436}.Debug|Any CPU.Build.0 = Debug|Any CPU
		{0FB82EFC-4C79-4DB6-AD37-39FEBBB23436}.Release|Any CPU.ActiveCfg = Release|Any CPU
		{0FB82EFC-4C79-4DB6-AD37-39FEBBB23436}.Release|Any CPU.Build.0 = Release|Any CPU
		{42FBB4FB-2D49-4703-BE14-C2964108AE40}.Debug|Any CPU.ActiveCfg = Debug|Any CPU
		{42FBB4FB-2D49-4703-BE14-C2964108AE40}.Debug|Any CPU.Build.0 = Debug|Any CPU
		{42FBB4FB-2D49-4703-BE14-C2964108AE40}.Release|Any CPU.ActiveCfg = Release|Any CPU
		{42FBB4FB-2D49-4703-BE14-C2964108AE40}.Release|Any CPU.Build.0 = Release|Any CPU
		{6D4E8A9A-83F3-4E5E-B972-23E027AB0A4A}.Debug|Any CPU.ActiveCfg = Debug|Any CPU
		{6D4E8A9A-83F3-4E5E-B972-23E027AB0A4A}.Debug|Any CPU.Build.0 = Debug|Any CPU
		{6D4E8A9A-83F3-4E5E-B972-23E027AB0A4A}.Release|Any CPU.ActiveCfg = Release|Any CPU
		{6D4E8A9A-83F3-4E5E-B972-23E027AB0A4A}.Release|Any CPU.Build.0 = Release|Any CPU
		{238AE07F-DECE-49A3-A1AA-AB6FFF5DB51C}.Debug|Any CPU.ActiveCfg = Debug|Any CPU
		{238AE07F-DECE-49A3-A1AA-AB6FFF5DB51C}.Debug|Any CPU.Build.0 = Debug|Any CPU
		{238AE07F-DECE-49A3-A1AA-AB6FFF5DB51C}.Release|Any CPU.ActiveCfg = Release|Any CPU
		{238AE07F-DECE-49A3-A1AA-AB6FFF5DB51C}.Release|Any CPU.Build.0 = Release|Any CPU
		{A676712C-BE66-456C-8605-425258A12350}.Debug|Any CPU.ActiveCfg = Debug|Any CPU
		{A676712C-BE66-456C-8605-425258A12350}.Debug|Any CPU.Build.0 = Debug|Any CPU
		{A676712C-BE66-456C-8605-425258A12350}.Release|Any CPU.ActiveCfg = Release|Any CPU
		{A676712C-BE66-456C-8605-425258A12350}.Release|Any CPU.Build.0 = Release|Any CPU
		{17F01ACE-D6A8-4714-8D55-7C4FF1C4A611}.Debug|Any CPU.ActiveCfg = Debug|Any CPU
		{17F01ACE-D6A8-4714-8D55-7C4FF1C4A611}.Debug|Any CPU.Build.0 = Debug|Any CPU
		{17F01ACE-D6A8-4714-8D55-7C4FF1C4A611}.Release|Any CPU.ActiveCfg = Release|Any CPU
		{17F01ACE-D6A8-4714-8D55-7C4FF1C4A611}.Release|Any CPU.Build.0 = Release|Any CPU
		{6887126C-9AA2-4C12-8DC4-7E1AE95502B1}.Debug|Any CPU.ActiveCfg = Debug|Any CPU
		{6887126C-9AA2-4C12-8DC4-7E1AE95502B1}.Debug|Any CPU.Build.0 = Debug|Any CPU
		{6887126C-9AA2-4C12-8DC4-7E1AE95502B1}.Release|Any CPU.ActiveCfg = Release|Any CPU
		{6887126C-9AA2-4C12-8DC4-7E1AE95502B1}.Release|Any CPU.Build.0 = Release|Any CPU
		{DA8B90B6-B276-4E50-982D-B13AF136BE27}.Debug|Any CPU.ActiveCfg = Debug|Any CPU
		{DA8B90B6-B276-4E50-982D-B13AF136BE27}.Debug|Any CPU.Build.0 = Debug|Any CPU
		{DA8B90B6-B276-4E50-982D-B13AF136BE27}.Release|Any CPU.ActiveCfg = Release|Any CPU
		{DA8B90B6-B276-4E50-982D-B13AF136BE27}.Release|Any CPU.Build.0 = Release|Any CPU
		{7AF01F1A-C0A3-4047-814E-904BBF9E54AD}.Debug|Any CPU.ActiveCfg = Debug|Any CPU
		{7AF01F1A-C0A3-4047-814E-904BBF9E54AD}.Debug|Any CPU.Build.0 = Debug|Any CPU
		{7AF01F1A-C0A3-4047-814E-904BBF9E54AD}.Release|Any CPU.ActiveCfg = Release|Any CPU
		{7AF01F1A-C0A3-4047-814E-904BBF9E54AD}.Release|Any CPU.Build.0 = Release|Any CPU
		{87582195-5DA2-4DD3-8D22-F048E95A18EA}.Debug|Any CPU.ActiveCfg = Debug|Any CPU
		{87582195-5DA2-4DD3-8D22-F048E95A18EA}.Debug|Any CPU.Build.0 = Debug|Any CPU
		{87582195-5DA2-4DD3-8D22-F048E95A18EA}.Release|Any CPU.ActiveCfg = Release|Any CPU
		{87582195-5DA2-4DD3-8D22-F048E95A18EA}.Release|Any CPU.Build.0 = Release|Any CPU
	EndGlobalSection
	GlobalSection(SolutionProperties) = preSolution
		HideSolutionNode = FALSE
	EndGlobalSection
	GlobalSection(ExtensibilityGlobals) = postSolution
		SolutionGuid = {AA6EEA96-959D-475D-B9E2-CD3336407D77}
	EndGlobalSection
EndGlobal
