
Microsoft Visual Studio Solution File, Format Version 12.00
# Visual Studio Version 16
VisualStudioVersion = 16.0.29324.140
MinimumVisualStudioVersion = 10.0.40219.1
Project("{FAE04EC0-301F-11D3-BF4B-00C04F79EFBC}") = "UpdateOrgsCASLBatch", "UpdateOrgsCASLBatch\UpdateOrgsCASLBatch.csproj", "{63EDCA20-10E3-4A13-BB70-027754612B7C}"
EndProject
Global
	GlobalSection(SolutionConfigurationPlatforms) = preSolution
		Debug|Any CPU = Debug|Any CPU
		Release|Any CPU = Release|Any CPU
	EndGlobalSection
	GlobalSection(ProjectConfigurationPlatforms) = postSolution
		{63EDCA20-10E3-4A13-BB70-027754612B7C}.Debug|Any CPU.ActiveCfg = Debug|Any CPU
		{63EDCA20-10E3-4A13-BB70-027754612B7C}.Debug|Any CPU.Build.0 = Debug|Any CPU
		{63EDCA20-10E3-4A13-BB70-027754612B7C}.Release|Any CPU.ActiveCfg = Release|Any CPU
		{63EDCA20-10E3-4A13-BB70-027754612B7C}.Release|Any CPU.Build.0 = Release|Any CPU
	EndGlobalSection
	GlobalSection(SolutionProperties) = preSolution
		HideSolutionNode = FALSE
	EndGlobalSection
	GlobalSection(ExtensibilityGlobals) = postSolution
		SolutionGuid = {6C42F48E-9645-4829-BE02-BBC564AC7A82}
	EndGlobalSection
EndGlobal
